
Microsoft Visual Studio Solution File, Format Version 12.00
# Visual Studio Version 17
VisualStudioVersion = 17.14.36221.1 d17.14
MinimumVisualStudioVersion = 10.0.40219.1
Project("{FAE04EC0-301F-11D3-BF4B-00C04F79EFBC}") = "Legacy", "Legacy\Legacy.csproj", "{E23BA0DD-F179-4120-81B3-2592FB5EC114}"
EndProject
Global
	GlobalSection(SolutionConfigurationPlatforms) = preSolution
		Debug|Any CPU = Debug|Any CPU
		Release|Any CPU = Release|Any CPU
	EndGlobalSection
	GlobalSection(ProjectConfigurationPlatforms) = postSolution
		{E23BA0DD-F179-4120-81B3-2592FB5EC114}.Debug|Any CPU.ActiveCfg = Debug|Any CPU
		{E23BA0DD-F179-4120-81B3-2592FB5EC114}.Debug|Any CPU.Build.0 = Debug|Any CPU
		{E23BA0DD-F179-4120-81B3-2592FB5EC114}.Release|Any CPU.ActiveCfg = Release|Any CPU
		{E23BA0DD-F179-4120-81B3-2592FB5EC114}.Release|Any CPU.Build.0 = Release|Any CPU
	EndGlobalSection
	GlobalSection(SolutionProperties) = preSolution
		HideSolutionNode = FALSE
	EndGlobalSection
	GlobalSection(ExtensibilityGlobals) = postSolution
		SolutionGuid = {1516D35C-BE7B-4D6B-8655-4D692187D116}
	EndGlobalSection
EndGlobal
